speakeasyVersion: 1.335.2
sources:
    Plex-API:
        sourceNamespace: plex-api
        sourceRevisionDigest: sha256:6526dd3345f642c0e9c55184a4fa355a7865f22306e92cca271b2fd0db38fce9
        sourceBlobDigest: sha256:1ed35aea3ff4f83d4c2ad09047b854758d5ed28e9c7b3742d98b56a41b448002
        tags:
            - latest
            - main
targets: {}
workflow:
    workflowVersion: 1.0.0
    speakeasyVersion: latest
    sources:
        Plex-API:
            inputs:
                - location: pms-spec.yaml
            registry:
                location: registry.speakeasyapi.dev/lukehagar/lukehagar/plex-api
    targets: {}
