speakeasyVersion: 1.386.0
sources:
    Plex-API:
        sourceNamespace: plex-api
        sourceRevisionDigest: sha256:7546f85895666fa21bb6ff2285ee8733faa5c7968a1395f45e10ea379c7d04e8
        sourceBlobDigest: sha256:9a9c449aecf1cfa6a6fa1bf14a6c39a7d5a1de5afc64a55fc63dfd4007add50c
        tags:
            - latest
            - main
targets: {}
workflow:
    workflowVersion: 1.0.0
    speakeasyVersion: latest
    sources:
        Plex-API:
            inputs:
                - location: ./src/pms-spec.yaml
            registry:
                location: registry.speakeasyapi.dev/lukehagar/lukehagar/plex-api
    targets: {}
