speakeasyVersion: 1.352.0
sources:
    Plex-API:
        sourceNamespace: plex-api
        sourceRevisionDigest: sha256:72dd1e86d51fc6357f0435d2592e596510d99f7fb7279635688e420eb3e7ee9b
        sourceBlobDigest: sha256:1ed35aea3ff4f83d4c2ad09047b854758d5ed28e9c7b3742d98b56a41b448002
        tags:
            - latest
            - main
targets: {}
workflow:
    workflowVersion: 1.0.0
    speakeasyVersion: latest
    sources:
        Plex-API:
            inputs:
                - location: pms-spec.yaml
            registry:
                location: registry.speakeasyapi.dev/lukehagar/lukehagar/plex-api
    targets: {}
